
Microsoft Visual Studio Solution File, Format Version 12.00
# Visual Studio Version 16
VisualStudioVersion = 16.0.31605.320
MinimumVisualStudioVersion = 10.0.40219.1
Project("{FAE04EC0-301F-11D3-BF4B-00C04F79EFBC}") = "BinaryMultiplicationForm", "BinaryMultiplicationForm\BinaryMultiplicationForm.csproj", "{E48A653A-021C-4FE7-92BF-B15E83967AE0}"
EndProject
Project("{C7167F0D-BC9F-4E6E-AFE1-012C56B48DB5}") = "WapProjBinaryMultiplicationForm", "WapProjBinaryMultiplicationForm\WapProjBinaryMultiplicationForm.wapproj", "{52B794F1-369B-48DA-A25D-493E3344F626}"
EndProject
Global
	GlobalSection(SolutionConfigurationPlatforms) = preSolution
		Debug|Any CPU = Debug|Any CPU
		Debug|ARM = Debug|ARM
		Debug|ARM64 = Debug|ARM64
		Debug|x64 = Debug|x64
		Debug|x86 = Debug|x86
		Release|Any CPU = Release|Any CPU
		Release|ARM = Release|ARM
		Release|ARM64 = Release|ARM64
		Release|x64 = Release|x64
		Release|x86 = Release|x86
	EndGlobalSection
	GlobalSection(ProjectConfigurationPlatforms) = postSolution
		{E48A653A-021C-4FE7-92BF-B15E83967AE0}.Debug|Any CPU.ActiveCfg = Debug|Any CPU
		{E48A653A-021C-4FE7-92BF-B15E83967AE0}.Debug|Any CPU.Build.0 = Debug|Any CPU
		{E48A653A-021C-4FE7-92BF-B15E83967AE0}.Debug|ARM.ActiveCfg = Debug|Any CPU
		{E48A653A-021C-4FE7-92BF-B15E83967AE0}.Debug|ARM.Build.0 = Debug|Any CPU
		{E48A653A-021C-4FE7-92BF-B15E83967AE0}.Debug|ARM64.ActiveCfg = Debug|Any CPU
		{E48A653A-021C-4FE7-92BF-B15E83967AE0}.Debug|ARM64.Build.0 = Debug|Any CPU
		{E48A653A-021C-4FE7-92BF-B15E83967AE0}.Debug|x64.ActiveCfg = Debug|Any CPU
		{E48A653A-021C-4FE7-92BF-B15E83967AE0}.Debug|x64.Build.0 = Debug|Any CPU
		{E48A653A-021C-4FE7-92BF-B15E83967AE0}.Debug|x86.ActiveCfg = Debug|Any CPU
		{E48A653A-021C-4FE7-92BF-B15E83967AE0}.Debug|x86.Build.0 = Debug|Any CPU
		{E48A653A-021C-4FE7-92BF-B15E83967AE0}.Release|Any CPU.ActiveCfg = Release|Any CPU
		{E48A653A-021C-4FE7-92BF-B15E83967AE0}.Release|Any CPU.Build.0 = Release|Any CPU
		{E48A653A-021C-4FE7-92BF-B15E83967AE0}.Release|ARM.ActiveCfg = Release|Any CPU
		{E48A653A-021C-4FE7-92BF-B15E83967AE0}.Release|ARM.Build.0 = Release|Any CPU
		{E48A653A-021C-4FE7-92BF-B15E83967AE0}.Release|ARM64.ActiveCfg = Release|Any CPU
		{E48A653A-021C-4FE7-92BF-B15E83967AE0}.Release|ARM64.Build.0 = Release|Any CPU
		{E48A653A-021C-4FE7-92BF-B15E83967AE0}.Release|x64.ActiveCfg = Release|Any CPU
		{E48A653A-021C-4FE7-92BF-B15E83967AE0}.Release|x64.Build.0 = Release|Any CPU
		{E48A653A-021C-4FE7-92BF-B15E83967AE0}.Release|x86.ActiveCfg = Release|Any CPU
		{E48A653A-021C-4FE7-92BF-B15E83967AE0}.Release|x86.Build.0 = Release|Any CPU
		{52B794F1-369B-48DA-A25D-493E3344F626}.Debug|Any CPU.ActiveCfg = Debug|Any CPU
		{52B794F1-369B-48DA-A25D-493E3344F626}.Debug|Any CPU.Build.0 = Debug|Any CPU
		{52B794F1-369B-48DA-A25D-493E3344F626}.Debug|Any CPU.Deploy.0 = Debug|Any CPU
		{52B794F1-369B-48DA-A25D-493E3344F626}.Debug|ARM.ActiveCfg = Debug|ARM
		{52B794F1-369B-48DA-A25D-493E3344F626}.Debug|ARM.Build.0 = Debug|ARM
		{52B794F1-369B-48DA-A25D-493E3344F626}.Debug|ARM.Deploy.0 = Debug|ARM
		{52B794F1-369B-48DA-A25D-493E3344F626}.Debug|ARM64.ActiveCfg = Debug|ARM64
		{52B794F1-369B-48DA-A25D-493E3344F626}.Debug|ARM64.Build.0 = Debug|ARM64
		{52B794F1-369B-48DA-A25D-493E3344F626}.Debug|ARM64.Deploy.0 = Debug|ARM64
		{52B794F1-369B-48DA-A25D-493E3344F626}.Debug|x64.ActiveCfg = Debug|x64
		{52B794F1-369B-48DA-A25D-493E3344F626}.Debug|x64.Build.0 = Debug|x64
		{52B794F1-369B-48DA-A25D-493E3344F626}.Debug|x64.Deploy.0 = Debug|x64
		{52B794F1-369B-48DA-A25D-493E3344F626}.Debug|x86.ActiveCfg = Debug|x86
		{52B794F1-369B-48DA-A25D-493E3344F626}.Debug|x86.Build.0 = Debug|x86
		{52B794F1-369B-48DA-A25D-493E3344F626}.Debug|x86.Deploy.0 = Debug|x86
		{52B794F1-369B-48DA-A25D-493E3344F626}.Release|Any CPU.ActiveCfg = Release|Any CPU
		{52B794F1-369B-48DA-A25D-493E3344F626}.Release|Any CPU.Build.0 = Release|Any CPU
		{52B794F1-369B-48DA-A25D-493E3344F626}.Release|Any CPU.Deploy.0 = Release|Any CPU
		{52B794F1-369B-48DA-A25D-493E3344F626}.Release|ARM.ActiveCfg = Release|ARM
		{52B794F1-369B-48DA-A25D-493E3344F626}.Release|ARM.Build.0 = Release|ARM
		{52B794F1-369B-48DA-A25D-493E3344F626}.Release|ARM.Deploy.0 = Release|ARM
		{52B794F1-369B-48DA-A25D-493E3344F626}.Release|ARM64.ActiveCfg = Release|ARM64
		{52B794F1-369B-48DA-A25D-493E3344F626}.Release|ARM64.Build.0 = Release|ARM64
		{52B794F1-369B-48DA-A25D-493E3344F626}.Release|ARM64.Deploy.0 = Release|ARM64
		{52B794F1-369B-48DA-A25D-493E3344F626}.Release|x64.ActiveCfg = Release|x64
		{52B794F1-369B-48DA-A25D-493E3344F626}.Release|x64.Build.0 = Release|x64
		{52B794F1-369B-48DA-A25D-493E3344F626}.Release|x64.Deploy.0 = Release|x64
		{52B794F1-369B-48DA-A25D-493E3344F626}.Release|x86.ActiveCfg = Release|x86
		{52B794F1-369B-48DA-A25D-493E3344F626}.Release|x86.Build.0 = Release|x86
		{52B794F1-369B-48DA-A25D-493E3344F626}.Release|x86.Deploy.0 = Release|x86
	EndGlobalSection
	GlobalSection(SolutionProperties) = preSolution
		HideSolutionNode = FALSE
	EndGlobalSection
	GlobalSection(ExtensibilityGlobals) = postSolution
		SolutionGuid = {BC9AD400-5918-4176-983C-C60FF45A98B0}
	EndGlobalSection
EndGlobal
